// !$*UTF8*$!
{
	archiveVersion = 1;
	classes = {
	};
	objectVersion = 46;
	objects = {

/* Begin PBXBuildFile section */
		4C6B76E21CAAB7220021667A /* AppDelegate.swift in Sources */ = {isa = PBXBuildFile; fileRef = 4C6B76E11CAAB7220021667A /* AppDelegate.swift */; };
		4C6B76E41CAAB7220021667A /* ViewController.swift in Sources */ = {isa = PBXBuildFile; fileRef = 4C6B76E31CAAB7220021667A /* ViewController.swift */; };
		4C6B76E71CAAB7220021667A /* Main.storyboard in Resources */ = {isa = PBXBuildFile; fileRef = 4C6B76E51CAAB7220021667A /* Main.storyboard */; };
		4C6B76E91CAAB7220021667A /* Assets.xcassets in Resources */ = {isa = PBXBuildFile; fileRef = 4C6B76E81CAAB7220021667A /* Assets.xcassets */; };
		4C6B76EC1CAAB7220021667A /* LaunchScreen.storyboard in Resources */ = {isa = PBXBuildFile; fileRef = 4C6B76EA1CAAB7220021667A /* LaunchScreen.storyboard */; };
		4C6B76F41CAABAB70021667A /* colorboxTableViewCell.swift in Sources */ = {isa = PBXBuildFile; fileRef = 4C6B76F31CAABAB70021667A /* colorboxTableViewCell.swift */; };
		4C6B76F61CAAC5B00021667A /* colorClient.swift in Sources */ = {isa = PBXBuildFile; fileRef = 4C6B76F51CAAC5B00021667A /* colorClient.swift */; };
		4C6B76F81CAAC8270021667A /* ColorBox.swift in Sources */ = {isa = PBXBuildFile; fileRef = 4C6B76F71CAAC8270021667A /* ColorBox.swift */; };
/* End PBXBuildFile section */

/* Begin PBXFileReference section */
		4C6B76DE1CAAB7220021667A /* colorbox.app */ = {isa = PBXFileReference; explicitFileType = wrapper.application; includeInIndex = 0; path = colorbox.app; sourceTree = BUILT_PRODUCTS_DIR; };
		4C6B76E11CAAB7220021667A /* AppDelegate.swift */ = {isa = PBXFileReference; lastKnownFileType = sourcecode.swift; path = AppDelegate.swift; sourceTree = "<group>"; };
		4C6B76E31CAAB7220021667A /* ViewController.swift */ = {isa = PBXFileReference; lastKnownFileType = sourcecode.swift; path = ViewController.swift; sourceTree = "<group>"; };
		4C6B76E61CAAB7220021667A /* Base */ = {isa = PBXFileReference; lastKnownFileType = file.storyboard; name = Base; path = Base.lproj/Main.storyboard; sourceTree = "<group>"; };
		4C6B76E81CAAB7220021667A /* Assets.xcassets */ = {isa = PBXFileReference; lastKnownFileType = folder.assetcatalog; path = Assets.xcassets; sourceTree = "<group>"; };
		4C6B76EB1CAAB7220021667A /* Base */ = {isa = PBXFileReference; lastKnownFileType = file.storyboard; name = Base; path = Base.lproj/LaunchScreen.storyboard; sourceTree = "<group>"; };
		4C6B76ED1CAAB7220021667A /* Info.plist */ = {isa = PBXFileReference; lastKnownFileType = text.plist.xml; path = Info.plist; sourceTree = "<group>"; };
		4C6B76F31CAABAB70021667A /* colorboxTableViewCell.swift */ = {isa = PBXFileReference; fileEncoding = 4; lastKnownFileType = sourcecode.swift; path = colorboxTableViewCell.swift; sourceTree = "<group>"; };
		4C6B76F51CAAC5B00021667A /* colorClient.swift */ = {isa = PBXFileReference; fileEncoding = 4; lastKnownFileType = sourcecode.swift; path = colorClient.swift; sourceTree = "<group>"; };
		4C6B76F71CAAC8270021667A /* ColorBox.swift */ = {isa = PBXFileReference; fileEncoding = 4; lastKnownFileType = sourcecode.swift; path = ColorBox.swift; sourceTree = "<group>"; };
/* End PBXFileReference section */

/* Begin PBXFrameworksBuildPhase section */
		4C6B76DB1CAAB7220021667A /* Frameworks */ = {
			isa = PBXFrameworksBuildPhase;
			buildActionMask = 2147483647;
			files = (
			);
			runOnlyForDeploymentPostprocessing = 0;
		};
/* End PBXFrameworksBuildPhase section */

/* Begin PBXGroup section */
		4C6B76D51CAAB7220021667A = {
			isa = PBXGroup;
			children = (
				4C6B76E01CAAB7220021667A /* colorbox */,
				4C6B76DF1CAAB7220021667A /* Products */,
			);
			sourceTree = "<group>";
		};
		4C6B76DF1CAAB7220021667A /* Products */ = {
			isa = PBXGroup;
			children = (
				4C6B76DE1CAAB7220021667A /* colorbox.app */,
			);
			name = Products;
			sourceTree = "<group>";
		};
		4C6B76E01CAAB7220021667A /* colorbox */ = {
			isa = PBXGroup;
			children = (
				4C6B76E11CAAB7220021667A /* AppDelegate.swift */,
				4C6B76E31CAAB7220021667A /* ViewController.swift */,
				4C6B76F51CAAC5B00021667A /* colorClient.swift */,
				4C6B76F71CAAC8270021667A /* ColorBox.swift */,
				4C6B76F31CAABAB70021667A /* colorboxTableViewCell.swift */,
				4C6B76E51CAAB7220021667A /* Main.storyboard */,
				4C6B76E81CAAB7220021667A /* Assets.xcassets */,
				4C6B76EA1CAAB7220021667A /* LaunchScreen.storyboard */,
				4C6B76ED1CAAB7220021667A /* Info.plist */,
			);
			path = colorbox;
			sourceTree = "<group>";
		};
/* End PBXGroup section */

/* Begin PBXNativeTarget section */
		4C6B76DD1CAAB7220021667A /* colorbox */ = {
			isa = PBXNativeTarget;
			buildConfigurationList = 4C6B76F01CAAB7220021667A /* Build configuration list for PBXNativeTarget "colorbox" */;
			buildPhases = (
				4C6B76DA1CAAB7220021667A /* Sources */,
				4C6B76DB1CAAB7220021667A /* Frameworks */,
				4C6B76DC1CAAB7220021667A /* Resources */,
			);
			buildRules = (
			);
			dependencies = (
			);
			name = colorbox;
			productName = colorbox;
			productReference = 4C6B76DE1CAAB7220021667A /* colorbox.app */;
			productType = "com.apple.product-type.application";
		};
/* End PBXNativeTarget section */

/* Begin PBXProject section */
		4C6B76D61CAAB7220021667A /* Project object */ = {
			isa = PBXProject;
			attributes = {
				LastSwiftUpdateCheck = 0720;
				LastUpgradeCheck = 0720;
				ORGANIZATIONNAME = bennry01;
				TargetAttributes = {
					4C6B76DD1CAAB7220021667A = {
						CreatedOnToolsVersion = 7.2.1;
						DevelopmentTeam = 8MX648K445;
					};
				};
			};
			buildConfigurationList = 4C6B76D91CAAB7220021667A /* Build configuration list for PBXProject "colorbox" */;
			compatibilityVersion = "Xcode 3.2";
			developmentRegion = English;
			hasScannedForEncodings = 0;
			knownRegions = (
				en,
				Base,
			);
			mainGroup = 4C6B76D51CAAB7220021667A;
			productRefGroup = 4C6B76DF1CAAB7220021667A /* Products */;
			projectDirPath = "";
			projectRoot = "";
			targets = (
				4C6B76DD1CAAB7220021667A /* colorbox */,
			);
		};
/* End PBXProject section */

/* Begin PBXResourcesBuildPhase section */
		4C6B76DC1CAAB7220021667A /* Resources */ = {
			isa = PBXResourcesBuildPhase;
			buildActionMask = 2147483647;
			files = (
				4C6B76EC1CAAB7220021667A /* LaunchScreen.storyboard in Resources */,
				4C6B76E91CAAB7220021667A /* Assets.xcassets in Resources */,
				4C6B76E71CAAB7220021667A /* Main.storyboard in Resources */,
			);
			runOnlyForDeploymentPostprocessing = 0;
		};
/* End PBXResourcesBuildPhase section */

/* Begin PBXSourcesBuildPhase section */
		4C6B76DA1CAAB7220021667A /* Sources */ = {
			isa = PBXSourcesBuildPhase;
			buildActionMask = 2147483647;
			files = (
				4C6B76F81CAAC8270021667A /* ColorBox.swift in Sources */,
				4C6B76E41CAAB7220021667A /* ViewController.swift in Sources */,
				4C6B76E21CAAB7220021667A /* AppDelegate.swift in Sources */,
				4C6B76F61CAAC5B00021667A /* colorClient.swift in Sources */,
				4C6B76F41CAABAB70021667A /* colorboxTableViewCell.swift in Sources */,
			);
			runOnlyForDeploymentPostprocessing = 0;
		};
/* End PBXSourcesBuildPhase section */

/* Begin PBXVariantGroup section */
		4C6B76E51CAAB7220021667A /* Main.storyboard */ = {
			isa = PBXVariantGroup;
			children = (
				4C6B76E61CAAB7220021667A /* Base */,
			);
			name = Main.storyboard;
			sourceTree = "<group>";
		};
		4C6B76EA1CAAB7220021667A /* LaunchScreen.storyboard */ = {
			isa = PBXVariantGroup;
			children = (
				4C6B76EB1CAAB7220021667A /* Base */,
			);
			name = LaunchScreen.storyboard;
			sourceTree = "<group>";
		};
/* End PBXVariantGroup section */

/* Begin XCBuildConfiguration section */
		4C6B76EE1CAAB7220021667A /* Debug */ = {
			isa = XCBuildConfiguration;
			buildSettings = {
				ALWAYS_SEARCH_USER_PATHS = NO;
				CLANG_CXX_LANGUAGE_STANDARD = "gnu++0x";
				CLANG_CXX_LIBRARY = "libc++";
				CLANG_ENABLE_MODULES = YES;
				CLANG_ENABLE_OBJC_ARC = YES;
				CLANG_WARN_BOOL_CONVERSION = YES;
				CLANG_WARN_CONSTANT_CONVERSION = YES;
				CLANG_WARN_DIRECT_OBJC_ISA_USAGE = YES_ERROR;
				CLANG_WARN_EMPTY_BODY = YES;
				CLANG_WARN_ENUM_CONVERSION = YES;
				CLANG_WARN_INT_CONVERSION = YES;
				CLANG_WARN_OBJC_ROOT_CLASS = YES_ERROR;
				CLANG_WARN_UNREACHABLE_CODE = YES;
				CLANG_WARN__DUPLICATE_METHOD_MATCH = YES;
				"CODE_SIGN_IDENTITY[sdk=iphoneos*]" = "iPhone Developer";
				COPY_PHASE_STRIP = NO;
				DEBUG_INFORMATION_FORMAT = dwarf;
				ENABLE_STRICT_OBJC_MSGSEND = YES;
				ENABLE_TESTABILITY = YES;
				GCC_C_LANGUAGE_STANDARD = gnu99;
				GCC_DYNAMIC_NO_PIC = NO;
				GCC_NO_COMMON_BLOCKS = YES;
				GCC_OPTIMIZATION_LEVEL = 0;
				GCC_PREPROCESSOR_DEFINITIONS = (
					"DEBUG=1",
					"$(inherited)",
				);
				GCC_WARN_64_TO_32_BIT_CONVERSION = YES;
				GCC_WARN_ABOUT_RETURN_TYPE = YES_ERROR;
				GCC_WARN_UNDECLARED_SELECTOR = YES;
				GCC_WARN_UNINITIALIZED_AUTOS = YES_AGGRESSIVE;
				GCC_WARN_UNUSED_FUNCTION = YES;
				GCC_WARN_UNUSED_VARIABLE = YES;
				IPHONEOS_DEPLOYMENT_TARGET = 9.2;
				MTL_ENABLE_DEBUG_INFO = YES;
				ONLY_ACTIVE_ARCH = YES;
				SDKROOT = iphoneos;
				SWIFT_OPTIMIZATION_LEVEL = "-Onone";
				TARGETED_DEVICE_FAMILY = "1,2";
			};
			name = Debug;
		};
		4C6B76EF1CAAB7220021667A /* Release */ = {
			isa = XCBuildConfiguration;
			buildSettings = {
				ALWAYS_SEARCH_USER_PATHS = NO;
				CLANG_CXX_LANGUAGE_STANDARD = "gnu++0x";
				CLANG_CXX_LIBRARY = "libc++";
				CLANG_ENABLE_MODULES = YES;
				CLANG_ENABLE_OBJC_ARC = YES;
				CLANG_WARN_BOOL_CONVERSION = YES;
				CLANG_WARN_CONSTANT_CONVERSION = YES;
				CLANG_WARN_DIRECT_OBJC_ISA_USAGE = YES_ERROR;
				CLANG_WARN_EMPTY_BODY = YES;
				CLANG_WARN_ENUM_CONVERSION = YES;
				CLANG_WARN_INT_CONVERSION = YES;
				CLANG_WARN_OBJC_ROOT_CLASS = YES_ERROR;
				CLANG_WARN_UNREACHABLE_CODE = YES;
				CLANG_WARN__DUPLICATE_METHOD_MATCH = YES;
				"CODE_SIGN_IDENTITY[sdk=iphoneos*]" = "iPhone Developer";
				COPY_PHASE_STRIP = NO;
				DEBUG_INFORMATION_FORMAT = "dwarf-with-dsym";
				ENABLE_NS_ASSERTIONS = NO;
				ENABLE_STRICT_OBJC_MSGSEND = YES;
				GCC_C_LANGUAGE_STANDARD = gnu99;
				GCC_NO_COMMON_BLOCKS = YES;
				GCC_WARN_64_TO_32_BIT_CONVERSION = YES;
				GCC_WARN_ABOUT_RETURN_TYPE = YES_ERROR;
				GCC_WARN_UNDECLARED_SELECTOR = YES;
				GCC_WARN_UNINITIALIZED_AUTOS = YES_AGGRESSIVE;
				GCC_WARN_UNUSED_FUNCTION = YES;
				GCC_WARN_UNUSED_VARIABLE = YES;
				IPHONEOS_DEPLOYMENT_TARGET = 9.2;
				MTL_ENABLE_DEBUG_INFO = NO;
				SDKROOT = iphoneos;
				TARGETED_DEVICE_FAMILY = "1,2";
				VALIDATE_PRODUCT = YES;
			};
			name = Release;
		};
		4C6B76F11CAAB7220021667A /* Debug */ = {
			isa = XCBuildConfiguration;
			buildSettings = {
				ASSETCATALOG_COMPILER_APPICON_NAME = AppIcon;
				INFOPLIST_FILE = colorbox/Info.plist;
				LD_RUNPATH_SEARCH_PATHS = "$(inherited) @executable_path/Frameworks";
				PRODUCT_BUNDLE_IDENTIFIER = com.bennry01.colorbox;
				PRODUCT_NAME = "$(TARGET_NAME)";
			};
			name = Debug;
		};
		4C6B76F21CAAB7220021667A /* Release */ = {
			isa = XCBuildConfiguration;
			buildSettings = {
				ASSETCATALOG_COMPILER_APPICON_NAME = AppIcon;
				INFOPLIST_FILE = colorbox/Info.plist;
				LD_RUNPATH_SEARCH_PATHS = "$(inherited) @executable_path/Frameworks";
				PRODUCT_BUNDLE_IDENTIFIER = com.bennry01.colorbox;
				PRODUCT_NAME = "$(TARGET_NAME)";
			};
			name = Release;
		};
/* End XCBuildConfiguration section */

/* Begin XCConfigurationList section */
		4C6B76D91CAAB7220021667A /* Build configuration list for PBXProject "colorbox" */ = {
			isa = XCConfigurationList;
			buildConfigurations = (
				4C6B76EE1CAAB7220021667A /* Debug */,
				4C6B76EF1CAAB7220021667A /* Release */,
			);
			defaultConfigurationIsVisible = 0;
			defaultConfigurationName = Release;
		};
		4C6B76F01CAAB7220021667A /* Build configuration list for PBXNativeTarget "colorbox" */ = {
			isa = XCConfigurationList;
			buildConfigurations = (
				4C6B76F11CAAB7220021667A /* Debug */,
				4C6B76F21CAAB7220021667A /* Release */,
			);
			defaultConfigurationIsVisible = 0;
		};
/* End XCConfigurationList section */
	};
	rootObject = 4C6B76D61CAAB7220021667A /* Project object */;
}
